
Microsoft Visual Studio Solution File, Format Version 12.00
# Visual Studio Version 17
VisualStudioVersion = 17.12.35728.132
MinimumVisualStudioVersion = 10.0.40219.1
Project("{FAE04EC0-301F-11D3-BF4B-00C04F79EFBC}") = "StockTracker.Domain", "StockTracker.Domain\StockTracker.Domain.csproj", "{23988003-CDD1-4624-B836-ED3A7BD3A275}"
EndProject
Project("{FAE04EC0-301F-11D3-BF4B-00C04F79EFBC}") = "StockTracker.Application", "StockTracker.Application\StockTracker.Application.csproj", "{32DE0896-E40B-4A06-AB96-B804CC811759}"
EndProject
Project("{FAE04EC0-301F-11D3-BF4B-00C04F79EFBC}") = "StockTracker.Infrastructure", "StockTracker.Infrastructure\StockTracker.Infrastructure.csproj", "{5815191B-F3FE-4A0D-8B7D-EE0E2B27C6BC}"
EndProject
Project("{FAE04EC0-301F-11D3-BF4B-00C04F79EFBC}") = "StockTracker.API", "StockTracker.API\StockTracker.API.csproj", "{DE7B3C4C-AF35-43B2-90B8-63126D9FB175}"
EndProject
Project("{2150E333-8FDC-42A3-9474-1A3956D46DE8}") = "src", "src", "{239C5612-D528-4972-B7E5-AFCF475C0C79}"
EndProject
Project("{2150E333-8FDC-42A3-9474-1A3956D46DE8}") = "Services", "Services", "{876EF363-159F-4D12-984B-13CA5316EC1A}"
EndProject
Project("{2150E333-8FDC-42A3-9474-1A3956D46DE8}") = "StockTracker", "StockTracker", "{42DA905D-38DD-4BCE-8EDD-A15DFA221B64}"
EndProject
Project("{2150E333-8FDC-42A3-9474-1A3956D46DE8}") = "Shared", "Shared", "{8AC52D13-134E-4236-A90D-0B6FB87347B6}"
EndProject
Project("{FAE04EC0-301F-11D3-BF4B-00C04F79EFBC}") = "Eshop.EventBus", "Eshop.EventBus\Eshop.EventBus.csproj", "{6A290767-FFCF-4A2F-AEF1-3A02E144DA37}"
EndProject
Project("{2150E333-8FDC-42A3-9474-1A3956D46DE8}") = "Order", "Order", "{4B040988-1D32-471C-A3C0-C8735653EE31}"
EndProject
Project("{2150E333-8FDC-42A3-9474-1A3956D46DE8}") = "Notification", "Notification", "{8934906B-F4B4-460D-A440-D76814291290}"
EndProject
Project("{FAE04EC0-301F-11D3-BF4B-00C04F79EFBC}") = "Shared.Library", "Shared.Library\Shared.Library.csproj", "{E73E98A2-B85B-4E23-929E-BAF82A55F6E7}"
EndProject
Project("{FAE04EC0-301F-11D3-BF4B-00C04F79EFBC}") = "EShop.Services.Order", "EShop.Services.Order\EShop.Services.Order.csproj", "{CCF67853-8738-4864-B8F7-06F35B2BEA07}"
EndProject
Project("{FAE04EC0-301F-11D3-BF4B-00C04F79EFBC}") = "Notification.API", "Notification.API\Notification.API.csproj", "{ADF084D1-FB63-40DD-9221-598F611E18B1}"
EndProject
Project("{2150E333-8FDC-42A3-9474-1A3956D46DE8}") = "tests", "tests", "{4DEB010E-DBF3-4009-BD3E-205A86F757C2}"
EndProject
Project("{2150E333-8FDC-42A3-9474-1A3956D46DE8}") = "Services", "Services", "{3A1DE8F4-2E8B-4BC3-A958-651D868A1B3E}"
EndProject
Project("{2150E333-8FDC-42A3-9474-1A3956D46DE8}") = "StockTracker", "StockTracker", "{5913599D-3F99-4D95-894A-214C854B0D36}"
EndProject
Project("{FAE04EC0-301F-11D3-BF4B-00C04F79EFBC}") = "StockTrackerDomain.Tests", "StockTrackerDomain.Tests\StockTrackerDomain.Tests.csproj", "{C5E6440E-BD27-4837-BA21-8D2EE6E696D3}"
EndProject
Project("{FAE04EC0-301F-11D3-BF4B-00C04F79EFBC}") = "StockTracker.ApplicationTests", "StockTracker.ApplicationTests\StockTracker.ApplicationTests.csproj", "{C0D0D199-5F6A-4D90-8695-01672D96B96C}"
EndProject
Project("{FAE04EC0-301F-11D3-BF4B-00C04F79EFBC}") = "StockTracker.Api.Tests", "StockTracker.Api.Tests\StockTracker.Api.Tests.csproj", "{D0D34F40-7FA3-4A10-8427-D841046154F8}"
EndProject
Global
	GlobalSection(SolutionConfigurationPlatforms) = preSolution
		Debug|Any CPU = Debug|Any CPU
		Release|Any CPU = Release|Any CPU
	EndGlobalSection
	GlobalSection(ProjectConfigurationPlatforms) = postSolution
		{23988003-CDD1-4624-B836-ED3A7BD3A275}.Debug|Any CPU.ActiveCfg = Debug|Any CPU
		{23988003-CDD1-4624-B836-ED3A7BD3A275}.Debug|Any CPU.Build.0 = Debug|Any CPU
		{23988003-CDD1-4624-B836-ED3A7BD3A275}.Release|Any CPU.ActiveCfg = Release|Any CPU
		{23988003-CDD1-4624-B836-ED3A7BD3A275}.Release|Any CPU.Build.0 = Release|Any CPU
		{32DE0896-E40B-4A06-AB96-B804CC811759}.Debug|Any CPU.ActiveCfg = Debug|Any CPU
		{32DE0896-E40B-4A06-AB96-B804CC811759}.Debug|Any CPU.Build.0 = Debug|Any CPU
		{32DE0896-E40B-4A06-AB96-B804CC811759}.Release|Any CPU.ActiveCfg = Release|Any CPU
		{32DE0896-E40B-4A06-AB96-B804CC811759}.Release|Any CPU.Build.0 = Release|Any CPU
		{5815191B-F3FE-4A0D-8B7D-EE0E2B27C6BC}.Debug|Any CPU.ActiveCfg = Debug|Any CPU
		{5815191B-F3FE-4A0D-8B7D-EE0E2B27C6BC}.Debug|Any CPU.Build.0 = Debug|Any CPU
		{5815191B-F3FE-4A0D-8B7D-EE0E2B27C6BC}.Release|Any CPU.ActiveCfg = Release|Any CPU
		{5815191B-F3FE-4A0D-8B7D-EE0E2B27C6BC}.Release|Any CPU.Build.0 = Release|Any CPU
		{DE7B3C4C-AF35-43B2-90B8-63126D9FB175}.Debug|Any CPU.ActiveCfg = Debug|Any CPU
		{DE7B3C4C-AF35-43B2-90B8-63126D9FB175}.Debug|Any CPU.Build.0 = Debug|Any CPU
		{DE7B3C4C-AF35-43B2-90B8-63126D9FB175}.Release|Any CPU.ActiveCfg = Release|Any CPU
		{DE7B3C4C-AF35-43B2-90B8-63126D9FB175}.Release|Any CPU.Build.0 = Release|Any CPU
		{6A290767-FFCF-4A2F-AEF1-3A02E144DA37}.Debug|Any CPU.ActiveCfg = Debug|Any CPU
		{6A290767-FFCF-4A2F-AEF1-3A02E144DA37}.Debug|Any CPU.Build.0 = Debug|Any CPU
		{6A290767-FFCF-4A2F-AEF1-3A02E144DA37}.Release|Any CPU.ActiveCfg = Release|Any CPU
		{6A290767-FFCF-4A2F-AEF1-3A02E144DA37}.Release|Any CPU.Build.0 = Release|Any CPU
		{E73E98A2-B85B-4E23-929E-BAF82A55F6E7}.Debug|Any CPU.ActiveCfg = Debug|Any CPU
		{E73E98A2-B85B-4E23-929E-BAF82A55F6E7}.Debug|Any CPU.Build.0 = Debug|Any CPU
		{E73E98A2-B85B-4E23-929E-BAF82A55F6E7}.Release|Any CPU.ActiveCfg = Release|Any CPU
		{E73E98A2-B85B-4E23-929E-BAF82A55F6E7}.Release|Any CPU.Build.0 = Release|Any CPU
		{CCF67853-8738-4864-B8F7-06F35B2BEA07}.Debug|Any CPU.ActiveCfg = Debug|Any CPU
		{CCF67853-8738-4864-B8F7-06F35B2BEA07}.Debug|Any CPU.Build.0 = Debug|Any CPU
		{CCF67853-8738-4864-B8F7-06F35B2BEA07}.Release|Any CPU.ActiveCfg = Release|Any CPU
		{CCF67853-8738-4864-B8F7-06F35B2BEA07}.Release|Any CPU.Build.0 = Release|Any CPU
		{ADF084D1-FB63-40DD-9221-598F611E18B1}.Debug|Any CPU.ActiveCfg = Debug|Any CPU
		{ADF084D1-FB63-40DD-9221-598F611E18B1}.Debug|Any CPU.Build.0 = Debug|Any CPU
		{ADF084D1-FB63-40DD-9221-598F611E18B1}.Release|Any CPU.ActiveCfg = Release|Any CPU
		{ADF084D1-FB63-40DD-9221-598F611E18B1}.Release|Any CPU.Build.0 = Release|Any CPU
		{C5E6440E-BD27-4837-BA21-8D2EE6E696D3}.Debug|Any CPU.ActiveCfg = Debug|Any CPU
		{C5E6440E-BD27-4837-BA21-8D2EE6E696D3}.Debug|Any CPU.Build.0 = Debug|Any CPU
		{C5E6440E-BD27-4837-BA21-8D2EE6E696D3}.Release|Any CPU.ActiveCfg = Release|Any CPU
		{C5E6440E-BD27-4837-BA21-8D2EE6E696D3}.Release|Any CPU.Build.0 = Release|Any CPU
		{C0D0D199-5F6A-4D90-8695-01672D96B96C}.Debug|Any CPU.ActiveCfg = Debug|Any CPU
		{C0D0D199-5F6A-4D90-8695-01672D96B96C}.Debug|Any CPU.Build.0 = Debug|Any CPU
		{C0D0D199-5F6A-4D90-8695-01672D96B96C}.Release|Any CPU.ActiveCfg = Release|Any CPU
		{C0D0D199-5F6A-4D90-8695-01672D96B96C}.Release|Any CPU.Build.0 = Release|Any CPU
		{D0D34F40-7FA3-4A10-8427-D841046154F8}.Debug|Any CPU.ActiveCfg = Debug|Any CPU
		{D0D34F40-7FA3-4A10-8427-D841046154F8}.Debug|Any CPU.Build.0 = Debug|Any CPU
		{D0D34F40-7FA3-4A10-8427-D841046154F8}.Release|Any CPU.ActiveCfg = Release|Any CPU
		{D0D34F40-7FA3-4A10-8427-D841046154F8}.Release|Any CPU.Build.0 = Release|Any CPU
	EndGlobalSection
	GlobalSection(SolutionProperties) = preSolution
		HideSolutionNode = FALSE
	EndGlobalSection
	GlobalSection(NestedProjects) = preSolution
		{23988003-CDD1-4624-B836-ED3A7BD3A275} = {42DA905D-38DD-4BCE-8EDD-A15DFA221B64}
		{32DE0896-E40B-4A06-AB96-B804CC811759} = {42DA905D-38DD-4BCE-8EDD-A15DFA221B64}
		{5815191B-F3FE-4A0D-8B7D-EE0E2B27C6BC} = {42DA905D-38DD-4BCE-8EDD-A15DFA221B64}
		{DE7B3C4C-AF35-43B2-90B8-63126D9FB175} = {42DA905D-38DD-4BCE-8EDD-A15DFA221B64}
		{876EF363-159F-4D12-984B-13CA5316EC1A} = {239C5612-D528-4972-B7E5-AFCF475C0C79}
		{42DA905D-38DD-4BCE-8EDD-A15DFA221B64} = {876EF363-159F-4D12-984B-13CA5316EC1A}
		{8AC52D13-134E-4236-A90D-0B6FB87347B6} = {239C5612-D528-4972-B7E5-AFCF475C0C79}
		{6A290767-FFCF-4A2F-AEF1-3A02E144DA37} = {8AC52D13-134E-4236-A90D-0B6FB87347B6}
		{4B040988-1D32-471C-A3C0-C8735653EE31} = {876EF363-159F-4D12-984B-13CA5316EC1A}
		{8934906B-F4B4-460D-A440-D76814291290} = {876EF363-159F-4D12-984B-13CA5316EC1A}
		{E73E98A2-B85B-4E23-929E-BAF82A55F6E7} = {8AC52D13-134E-4236-A90D-0B6FB87347B6}
		{CCF67853-8738-4864-B8F7-06F35B2BEA07} = {4B040988-1D32-471C-A3C0-C8735653EE31}
		{ADF084D1-FB63-40DD-9221-598F611E18B1} = {8934906B-F4B4-460D-A440-D76814291290}
		{3A1DE8F4-2E8B-4BC3-A958-651D868A1B3E} = {4DEB010E-DBF3-4009-BD3E-205A86F757C2}
		{5913599D-3F99-4D95-894A-214C854B0D36} = {3A1DE8F4-2E8B-4BC3-A958-651D868A1B3E}
		{C5E6440E-BD27-4837-BA21-8D2EE6E696D3} = {5913599D-3F99-4D95-894A-214C854B0D36}
		{C0D0D199-5F6A-4D90-8695-01672D96B96C} = {5913599D-3F99-4D95-894A-214C854B0D36}
		{D0D34F40-7FA3-4A10-8427-D841046154F8} = {5913599D-3F99-4D95-894A-214C854B0D36}
	EndGlobalSection
EndGlobal
